<?xml version="1.0" encoding="utf-8"?>
<Project ToolsVersion="4.0" xmlns="http://schemas.microsoft.com/developer/msbuild/2003">
  <ItemGroup>
    <ClInclude Include="..\..\..\include\nullunit\nullunit.h" />
    <ClInclude Include="..\..\..\include\nullunit\internal\t_assert.h" />
    <ClInclude Include="..\..\..\include\nullunit\internal\t_exception.h" />
    <ClInclude Include="..\..\..\src\t_strings.h" />
    <ClInclude Include="..\..\..\include\nullunit\internal\t_autorun.h">
      <Filter>Utility</Filter>
    </ClInclude>
    <ClInclude Include="..\..\..\include\nullunit\internal\t_singleton.h">
      <Filter>Utility</Filter>
    </ClInclude>
    <ClInclude Include="..\..\..\include\nullunit\internal\t_uncopyable.h">
      <Filter>Utility</Filter>
    </ClInclude>
    <ClInclude Include="..\..\..\include\nullunit\internal\t_case.h">
      <Filter>Suite</Filter>
    </ClInclude>
    <ClInclude Include="..\..\..\include\nullunit\internal\t_casefac.h">
      <Filter>Suite</Filter>
    </ClInclude>
    <ClInclude Include="..\..\..\include\nullunit\internal\t_casereg.h">
      <Filter>Suite</Filter>
    </ClInclude>
    <ClInclude Include="..\..\..\include\nullunit\internal\t_fixture.h">
      <Filter>Suite</Filter>
    </ClInclude>
    <ClInclude Include="..\..\..\include\nullunit\internal\t_suite.h">
      <Filter>Suite</Filter>
    </ClInclude>
    <ClInclude Include="..\..\..\include\nullunit\internal\t_suitefac.h">
      <Filter>Suite</Filter>
    </ClInclude>
    <ClInclude Include="..\..\..\include\nullunit\internal\t_suitereg.h">
      <Filter>Suite</Filter>
    </ClInclude>
    <ClInclude Include="..\..\..\src\t_gui_reporter.h">
      <Filter>Report</Filter>
    </ClInclude>
    <ClInclude Include="..\..\..\include\nullunit\internal\t_reporter.h">
      <Filter>Report</Filter>
    </ClInclude>
    <ClInclude Include="..\..\..\src\t_reporter_type.h">
      <Filter>Report</Filter>
    </ClInclude>
    <ClInclude Include="..\..\..\src\t_stream_reporter.h">
      <Filter>Report</Filter>
    </ClInclude>
    <ClInclude Include="..\..\..\src\t_xml_reporter.h">
      <Filter>Report</Filter>
    </ClInclude>
  </ItemGroup>
  <ItemGroup>
    <ClCompile Include="..\..\..\src\t_exception.cpp" />
    <ClCompile Include="..\..\..\src\t_main.cpp" />
    <ClCompile Include="..\..\..\src\t_fixture.cpp">
      <Filter>Suite</Filter>
    </ClCompile>
    <ClCompile Include="..\..\..\src\t_gui_reporter.cpp">
      <Filter>Report</Filter>
    </ClCompile>
    <ClCompile Include="..\..\..\src\t_stream_reporter.cpp">
      <Filter>Report</Filter>
    </ClCompile>
    <ClCompile Include="..\..\..\src\t_xml_reporter.cpp">
      <Filter>Report</Filter>
    </ClCompile>
  </ItemGroup>
  <ItemGroup>
    <Filter Include="Report">
      <UniqueIdentifier>{efdd54ca-ca15-45e8-92e2-7cae16a17593}</UniqueIdentifier>
    </Filter>
    <Filter Include="Suite">
      <UniqueIdentifier>{d06c8551-2691-4e6e-99ca-2d77c0dce5aa}</UniqueIdentifier>
    </Filter>
    <Filter Include="Utility">
      <UniqueIdentifier>{3fca4f29-31ff-4c21-b014-83f1b4ddbd85}</UniqueIdentifier>
    </Filter>
  </ItemGroup>
</Project>